
Microsoft Visual Studio Solution File, Format Version 12.00
# Visual Studio Version 17
VisualStudioVersion = 17.14.36915.13 d17.14
MinimumVisualStudioVersion = 10.0.40219.1
Project("{FAE04EC0-301F-11D3-BF4B-00C04F79EFBC}") = "Professionals", "Professionals\Professionals.csproj", "{35E90CE0-1A3F-42E1-BFE1-18C498A4AE53}"
EndProject
Global
	GlobalSection(SolutionConfigurationPlatforms) = preSolution
		Debug|Any CPU = Debug|Any CPU
		Release|Any CPU = Release|Any CPU
	EndGlobalSection
	GlobalSection(ProjectConfigurationPlatforms) = postSolution
		{35E90CE0-1A3F-42E1-BFE1-18C498A4AE53}.Debug|Any CPU.ActiveCfg = Debug|Any CPU
		{35E90CE0-1A3F-42E1-BFE1-18C498A4AE53}.Debug|Any CPU.Build.0 = Debug|Any CPU
		{35E90CE0-1A3F-42E1-BFE1-18C498A4AE53}.Release|Any CPU.ActiveCfg = Release|Any CPU
		{35E90CE0-1A3F-42E1-BFE1-18C498A4AE53}.Release|Any CPU.Build.0 = Release|Any CPU
	EndGlobalSection
	GlobalSection(SolutionProperties) = preSolution
		HideSolutionNode = FALSE
	EndGlobalSection
	GlobalSection(ExtensibilityGlobals) = postSolution
		SolutionGuid = {7ED6B155-1DC1-4974-B2A5-AE2FDD9F14DF}
	EndGlobalSection
EndGlobal
